<?xml version="1.0" encoding="utf-8"?>
<Project ToolsVersion="4.0" xmlns="http://schemas.microsoft.com/developer/msbuild/2003">
  <ItemGroup>
    <Filter Include="Source Files">
      <UniqueIdentifier>{170aa0fa-0a9f-4cee-8dab-375a9fd2874c}</UniqueIdentifier>
      <Extensions>cpp;c;cxx;def;odl;idl;hpj;bat;asm;asmx</Extensions>
    </Filter>
    <Filter Include="Header Files">
      <UniqueIdentifier>{3dd3c048-52c3-4aea-802c-507ffa9ab11b}</UniqueIdentifier>
      <Extensions>h;hpp;hxx;hm;inl;inc;xsd</Extensions>
    </Filter>
    <Filter Include="Resource Files">
      <UniqueIdentifier>{b70aa589-e8ab-4069-9cbf-a1a7d70fbee3}</UniqueIdentifier>
      <Extensions>rc;ico;cur;bmp;dlg;rc2;rct;bin;rgs;gif;jpg;jpeg;jpe;resx;xml;ts</Extensions>
    </Filter>
    <Filter Include="Generated">
      <UniqueIdentifier>{7736d672-6b0d-4b13-91f8-f3e43311bea0}</UniqueIdentifier>
    </Filter>
    <Filter Include="Header Files\assets_utilities">
      <UniqueIdentifier>{adf744ce-6b62-4fcb-9a28-72050c98b8cf}</UniqueIdentifier>
    </Filter>
    <Filter Include="Header Files\control_unit_utilities">
      <UniqueIdentifier>{5a65469c-a528-40a8-b25a-6d495a4cbc1f}</UniqueIdentifier>
    </Filter>
    <Filter Include="Source Files\assets_utilities">
      <UniqueIdentifier>{d167d2a0-c923-4140-99c4-1aa7850a0d10}</UniqueIdentifier>
    </Filter>
    <Filter Include="Source Files\control_unit_utilities">
      <UniqueIdentifier>{9c231cce-0999-411b-9f7e-90114662b584}</UniqueIdentifier>
    </Filter>
    <Filter Include="Header Files\models">
      <UniqueIdentifier>{d5423d12-0901-47a0-ac98-83b95bd55425}</UniqueIdentifier>
    </Filter>
    <Filter Include="Source Files\models">
      <UniqueIdentifier>{c7b3467e-b36a-4519-af86-9fc37f514e48}</UniqueIdentifier>
    </Filter>
    <Filter Include="Header Files\dependencies">
      <UniqueIdentifier>{586f632d-f676-49e1-badb-9a4a7f4293a5}</UniqueIdentifier>
    </Filter>
    <Filter Include="Header Files\utilities">
      <UniqueIdentifier>{c6c9b4ed-470e-45a0-8fb1-10521776ef39}</UniqueIdentifier>
    </Filter>
    <Filter Include="Source Files\utilities">
      <UniqueIdentifier>{1d474b27-96bd-4214-9861-80b529eef57e}</UniqueIdentifier>
    </Filter>
  </ItemGroup>
  <ItemGroup>
    <ClCompile Include="slextracesvrform.cpp">
      <Filter>Source Files</Filter>
    </ClCompile>
    <ClCompile Include="slextracesvrplugin.cpp">
      <Filter>Source Files</Filter>
    </ClCompile>
    <ClCompile Include="slexversion.cpp">
      <Filter>Source Files</Filter>
    </ClCompile>
    <ClCompile Include="assets_utilities\Assets_Handler.cpp">
      <Filter>Source Files\assets_utilities</Filter>
    </ClCompile>
    <ClCompile Include="assets_utilities\Json_Handler.cpp">
      <Filter>Source Files\assets_utilities</Filter>
    </ClCompile>
    <ClCompile Include="models\Asset.cpp">
      <Filter>Source Files\models</Filter>
    </ClCompile>
    <ClCompile Include="models\Configs.cpp">
      <Filter>Source Files\models</Filter>
    </ClCompile>
    <ClCompile Include="models\Model.cpp">
      <Filter>Source Files\models</Filter>
    </ClCompile>
    <ClCompile Include="control_unit_utilities\Control_Unit_handler.cpp">
      <Filter>Source Files\control_unit_utilities</Filter>
    </ClCompile>
    <ClCompile Include="AI_Service.cpp">
      <Filter>Source Files</Filter>
    </ClCompile>
    <ClCompile Include="assets_utilities\Fdeep_handler.cpp">
      <Filter>Source Files\assets_utilities</Filter>
    </ClCompile>
    <ClCompile Include="utilities\log.cpp">
      <Filter>Source Files\utilities</Filter>
    </ClCompile>
    <ClCompile Include="GeneratedFiles\moc_AI_Service.cpp">
      <Filter>Generated</Filter>
    </ClCompile>
    <ClCompile Include="GeneratedFiles\moc_slextracesvrform.cpp">
      <Filter>Generated</Filter>
    </ClCompile>
    <ClCompile Include="assets_utilities\GeneratedFiles\moc_Assets_Handler.cpp">
      <Filter>Generated</Filter>
    </ClCompile>
    <ClCompile Include="assets_utilities\GeneratedFiles\moc_Fdeep_handler.cpp">
      <Filter>Generated</Filter>
    </ClCompile>
    <ClCompile Include="assets_utilities\GeneratedFiles\moc_Json_Handler.cpp">
      <Filter>Generated</Filter>
    </ClCompile>
    <ClCompile Include="control_unit_utilities\GeneratedFiles\moc_Control_Unit_handler.cpp">
      <Filter>Generated</Filter>
    </ClCompile>
    <ClCompile Include="models\GeneratedFiles\moc_Asset.cpp">
      <Filter>Generated</Filter>
    </ClCompile>
    <ClCompile Include="models\GeneratedFiles\moc_Configs.cpp">
      <Filter>Generated</Filter>
    </ClCompile>
    <ClCompile Include="models\GeneratedFiles\moc_Model.cpp">
      <Filter>Generated</Filter>
    </ClCompile>
    <ClCompile Include="utilities\GeneratedFiles\moc_log.cpp">
      <Filter>Generated</Filter>
    </ClCompile>
  </ItemGroup>
  <ItemGroup>
    <ClInclude Include="dependencies\Eigen\src\Cholesky\LDLT.h">
      <Filter>Header Files\dependencies</Filter>
    </ClInclude>
    <ClInclude Include="dependencies\Eigen\src\Cholesky\LLT.h">
      <Filter>Header Files\dependencies</Filter>
    </ClInclude>
    <ClInclude Include="dependencies\Eigen\src\Cholesky\LLT_LAPACKE.h">
      <Filter>Header Files\dependencies</Filter>
    </ClInclude>
    <ClInclude Include="dependencies\Eigen\src\CholmodSupport\CholmodSupport.h">
      <Filter>Header Files\dependencies</Filter>
    </ClInclude>
    <ClInclude Include="dependencies\Eigen\src\Core\arch\AltiVec\Complex.h">
      <Filter>Header Files\dependencies</Filter>
    </ClInclude>
    <ClInclude Include="dependencies\Eigen\src\Core\arch\AltiVec\MathFunctions.h">
      <Filter>Header Files\dependencies</Filter>
    </ClInclude>
    <ClInclude Include="dependencies\Eigen\src\Core\arch\AltiVec\MatrixProduct.h">
      <Filter>Header Files\dependencies</Filter>
    </ClInclude>
    <ClInclude Include="dependencies\Eigen\src\Core\arch\AltiVec\MatrixProductCommon.h">
      <Filter>Header Files\dependencies</Filter>
    </ClInclude>
    <ClInclude Include="dependencies\Eigen\src\Core\arch\AltiVec\MatrixProductMMA.h">
      <Filter>Header Files\dependencies</Filter>
    </ClInclude>
    <ClInclude Include="dependencies\Eigen\src\Core\arch\AltiVec\PacketMath.h">
      <Filter>Header Files\dependencies</Filter>
    </ClInclude>
    <ClInclude Include="dependencies\Eigen\src\Core\arch\AVX\Complex.h">
      <Filter>Header Files\dependencies</Filter>
    </ClInclude>
    <ClInclude Include="dependencies\Eigen\src\Core\arch\AVX\MathFunctions.h">
      <Filter>Header Files\dependencies</Filter>
    </ClInclude>
    <ClInclude Include="dependencies\Eigen\src\Core\arch\AVX\PacketMath.h">
      <Filter>Header Files\dependencies</Filter>
    </ClInclude>
    <ClInclude Include="dependencies\Eigen\src\Core\arch\AVX\TypeCasting.h">
      <Filter>Header Files\dependencies</Filter>
    </ClInclude>
    <ClInclude Include="dependencies\Eigen\src\Core\arch\AVX512\Complex.h">
      <Filter>Header Files\dependencies</Filter>
    </ClInclude>
    <ClInclude Include="dependencies\Eigen\src\Core\arch\AVX512\MathFunctions.h">
      <Filter>Header Files\dependencies</Filter>
    </ClInclude>
    <ClInclude Include="dependencies\Eigen\src\Core\arch\AVX512\PacketMath.h">
      <Filter>Header Files\dependencies</Filter>
    </ClInclude>
    <ClInclude Include="dependencies\Eigen\src\Core\arch\AVX512\TypeCasting.h">
      <Filter>Header Files\dependencies</Filter>
    </ClInclude>
    <ClInclude Include="dependencies\Eigen\src\Core\arch\CUDA\Complex.h">
      <Filter>Header Files\dependencies</Filter>
    </ClInclude>
    <ClInclude Include="dependencies\Eigen\src\Core\arch\Default\BFloat16.h">
      <Filter>Header Files\dependencies</Filter>
    </ClInclude>
    <ClInclude Include="dependencies\Eigen\src\Core\arch\Default\ConjHelper.h">
      <Filter>Header Files\dependencies</Filter>
    </ClInclude>
    <ClInclude Include="dependencies\Eigen\src\Core\arch\Default\GenericPacketMathFunctions.h">
      <Filter>Header Files\dependencies</Filter>
    </ClInclude>
    <ClInclude Include="dependencies\Eigen\src\Core\arch\Default\GenericPacketMathFunctionsFwd.h">
      <Filter>Header Files\dependencies</Filter>
    </ClInclude>
    <ClInclude Include="dependencies\Eigen\src\Core\arch\Default\Half.h">
      <Filter>Header Files\dependencies</Filter>
    </ClInclude>
    <ClInclude Include="dependencies\Eigen\src\Core\arch\Default\Settings.h">
      <Filter>Header Files\dependencies</Filter>
    </ClInclude>
    <ClInclude Include="dependencies\Eigen\src\Core\arch\Default\TypeCasting.h">
      <Filter>Header Files\dependencies</Filter>
    </ClInclude>
    <ClInclude Include="dependencies\Eigen\src\Core\arch\GPU\MathFunctions.h">
      <Filter>Header Files\dependencies</Filter>
    </ClInclude>
    <ClInclude Include="dependencies\Eigen\src\Core\arch\GPU\PacketMath.h">
      <Filter>Header Files\dependencies</Filter>
    </ClInclude>
    <ClInclude Include="dependencies\Eigen\src\Core\arch\GPU\TypeCasting.h">
      <Filter>Header Files\dependencies</Filter>
    </ClInclude>
    <ClInclude Include="dependencies\Eigen\src\Core\arch\HIP\hcc\math_constants.h">
      <Filter>Header Files\dependencies</Filter>
    </ClInclude>
    <ClInclude Include="dependencies\Eigen\src\Core\arch\MSA\Complex.h">
      <Filter>Header Files\dependencies</Filter>
    </ClInclude>
    <ClInclude Include="dependencies\Eigen\src\Core\arch\MSA\MathFunctions.h">
      <Filter>Header Files\dependencies</Filter>
    </ClInclude>
    <ClInclude Include="dependencies\Eigen\src\Core\arch\MSA\PacketMath.h">
      <Filter>Header Files\dependencies</Filter>
    </ClInclude>
    <ClInclude Include="dependencies\Eigen\src\Core\arch\NEON\Complex.h">
      <Filter>Header Files\dependencies</Filter>
    </ClInclude>
    <ClInclude Include="dependencies\Eigen\src\Core\arch\NEON\GeneralBlockPanelKernel.h">
      <Filter>Header Files\dependencies</Filter>
    </ClInclude>
    <ClInclude Include="dependencies\Eigen\src\Core\arch\NEON\MathFunctions.h">
      <Filter>Header Files\dependencies</Filter>
    </ClInclude>
    <ClInclude Include="dependencies\Eigen\src\Core\arch\NEON\PacketMath.h">
      <Filter>Header Files\dependencies</Filter>
    </ClInclude>
    <ClInclude Include="dependencies\Eigen\src\Core\arch\NEON\TypeCasting.h">
      <Filter>Header Files\dependencies</Filter>
    </ClInclude>
    <ClInclude Include="dependencies\Eigen\src\Core\arch\SSE\Complex.h">
      <Filter>Header Files\dependencies</Filter>
    </ClInclude>
    <ClInclude Include="dependencies\Eigen\src\Core\arch\SSE\MathFunctions.h">
      <Filter>Header Files\dependencies</Filter>
    </ClInclude>
    <ClInclude Include="dependencies\Eigen\src\Core\arch\SSE\PacketMath.h">
      <Filter>Header Files\dependencies</Filter>
    </ClInclude>
    <ClInclude Include="dependencies\Eigen\src\Core\arch\SSE\TypeCasting.h">
      <Filter>Header Files\dependencies</Filter>
    </ClInclude>
    <ClInclude Include="dependencies\Eigen\src\Core\arch\SVE\MathFunctions.h">
      <Filter>Header Files\dependencies</Filter>
    </ClInclude>
    <ClInclude Include="dependencies\Eigen\src\Core\arch\SVE\PacketMath.h">
      <Filter>Header Files\dependencies</Filter>
    </ClInclude>
    <ClInclude Include="dependencies\Eigen\src\Core\arch\SVE\TypeCasting.h">
      <Filter>Header Files\dependencies</Filter>
    </ClInclude>
    <ClInclude Include="dependencies\Eigen\src\Core\arch\SYCL\InteropHeaders.h">
      <Filter>Header Files\dependencies</Filter>
    </ClInclude>
    <ClInclude Include="dependencies\Eigen\src\Core\arch\SYCL\MathFunctions.h">
      <Filter>Header Files\dependencies</Filter>
    </ClInclude>
    <ClInclude Include="dependencies\Eigen\src\Core\arch\SYCL\PacketMath.h">
      <Filter>Header Files\dependencies</Filter>
    </ClInclude>
    <ClInclude Include="dependencies\Eigen\src\Core\arch\SYCL\SyclMemoryModel.h">
      <Filter>Header Files\dependencies</Filter>
    </ClInclude>
    <ClInclude Include="dependencies\Eigen\src\Core\arch\SYCL\TypeCasting.h">
      <Filter>Header Files\dependencies</Filter>
    </ClInclude>
    <ClInclude Include="dependencies\Eigen\src\Core\arch\ZVector\Complex.h">
      <Filter>Header Files\dependencies</Filter>
    </ClInclude>
    <ClInclude Include="dependencies\Eigen\src\Core\arch\ZVector\MathFunctions.h">
      <Filter>Header Files\dependencies</Filter>
    </ClInclude>
    <ClInclude Include="dependencies\Eigen\src\Core\arch\ZVector\PacketMath.h">
      <Filter>Header Files\dependencies</Filter>
    </ClInclude>
    <ClInclude Include="dependencies\Eigen\src\Core\ArithmeticSequence.h">
      <Filter>Header Files\dependencies</Filter>
    </ClInclude>
    <ClInclude Include="dependencies\Eigen\src\Core\Array.h">
      <Filter>Header Files\dependencies</Filter>
    </ClInclude>
    <ClInclude Include="dependencies\Eigen\src\Core\ArrayBase.h">
      <Filter>Header Files\dependencies</Filter>
    </ClInclude>
    <ClInclude Include="dependencies\Eigen\src\Core\ArrayWrapper.h">
      <Filter>Header Files\dependencies</Filter>
    </ClInclude>
    <ClInclude Include="dependencies\Eigen\src\Core\Assign.h">
      <Filter>Header Files\dependencies</Filter>
    </ClInclude>
    <ClInclude Include="dependencies\Eigen\src\Core\AssignEvaluator.h">
      <Filter>Header Files\dependencies</Filter>
    </ClInclude>
    <ClInclude Include="dependencies\Eigen\src\Core\Assign_MKL.h">
      <Filter>Header Files\dependencies</Filter>
    </ClInclude>
    <ClInclude Include="dependencies\Eigen\src\Core\BandMatrix.h">
      <Filter>Header Files\dependencies</Filter>
    </ClInclude>
    <ClInclude Include="dependencies\Eigen\src\Core\Block.h">
      <Filter>Header Files\dependencies</Filter>
    </ClInclude>
    <ClInclude Include="dependencies\Eigen\src\Core\BooleanRedux.h">
      <Filter>Header Files\dependencies</Filter>
    </ClInclude>
    <ClInclude Include="dependencies\Eigen\src\Core\CommaInitializer.h">
      <Filter>Header Files\dependencies</Filter>
    </ClInclude>
    <ClInclude Include="dependencies\Eigen\src\Core\ConditionEstimator.h">
      <Filter>Header Files\dependencies</Filter>
    </ClInclude>
    <ClInclude Include="dependencies\Eigen\src\Core\CoreEvaluators.h">
      <Filter>Header Files\dependencies</Filter>
    </ClInclude>
    <ClInclude Include="dependencies\Eigen\src\Core\CoreIterators.h">
      <Filter>Header Files\dependencies</Filter>
    </ClInclude>
    <ClInclude Include="dependencies\Eigen\src\Core\CwiseBinaryOp.h">
      <Filter>Header Files\dependencies</Filter>
    </ClInclude>
    <ClInclude Include="dependencies\Eigen\src\Core\CwiseNullaryOp.h">
      <Filter>Header Files\dependencies</Filter>
    </ClInclude>
    <ClInclude Include="dependencies\Eigen\src\Core\CwiseTernaryOp.h">
      <Filter>Header Files\dependencies</Filter>
    </ClInclude>
    <ClInclude Include="dependencies\Eigen\src\Core\CwiseUnaryOp.h">
      <Filter>Header Files\dependencies</Filter>
    </ClInclude>
    <ClInclude Include="dependencies\Eigen\src\Core\CwiseUnaryView.h">
      <Filter>Header Files\dependencies</Filter>
    </ClInclude>
    <ClInclude Include="dependencies\Eigen\src\Core\DenseBase.h">
      <Filter>Header Files\dependencies</Filter>
    </ClInclude>
    <ClInclude Include="dependencies\Eigen\src\Core\DenseCoeffsBase.h">
      <Filter>Header Files\dependencies</Filter>
    </ClInclude>
    <ClInclude Include="dependencies\Eigen\src\Core\DenseStorage.h">
      <Filter>Header Files\dependencies</Filter>
    </ClInclude>
    <ClInclude Include="dependencies\Eigen\src\Core\Diagonal.h">
      <Filter>Header Files\dependencies</Filter>
    </ClInclude>
    <ClInclude Include="dependencies\Eigen\src\Core\DiagonalMatrix.h">
      <Filter>Header Files\dependencies</Filter>
    </ClInclude>
    <ClInclude Include="dependencies\Eigen\src\Core\DiagonalProduct.h">
      <Filter>Header Files\dependencies</Filter>
    </ClInclude>
    <ClInclude Include="dependencies\Eigen\src\Core\Dot.h">
      <Filter>Header Files\dependencies</Filter>
    </ClInclude>
    <ClInclude Include="dependencies\Eigen\src\Core\EigenBase.h">
      <Filter>Header Files\dependencies</Filter>
    </ClInclude>
    <ClInclude Include="dependencies\Eigen\src\Core\ForceAlignedAccess.h">
      <Filter>Header Files\dependencies</Filter>
    </ClInclude>
    <ClInclude Include="dependencies\Eigen\src\Core\functors\AssignmentFunctors.h">
      <Filter>Header Files\dependencies</Filter>
    </ClInclude>
    <ClInclude Include="dependencies\Eigen\src\Core\functors\BinaryFunctors.h">
      <Filter>Header Files\dependencies</Filter>
    </ClInclude>
    <ClInclude Include="dependencies\Eigen\src\Core\functors\NullaryFunctors.h">
      <Filter>Header Files\dependencies</Filter>
    </ClInclude>
    <ClInclude Include="dependencies\Eigen\src\Core\functors\StlFunctors.h">
      <Filter>Header Files\dependencies</Filter>
    </ClInclude>
    <ClInclude Include="dependencies\Eigen\src\Core\functors\TernaryFunctors.h">
      <Filter>Header Files\dependencies</Filter>
    </ClInclude>
    <ClInclude Include="dependencies\Eigen\src\Core\functors\UnaryFunctors.h">
      <Filter>Header Files\dependencies</Filter>
    </ClInclude>
    <ClInclude Include="dependencies\Eigen\src\Core\Fuzzy.h">
      <Filter>Header Files\dependencies</Filter>
    </ClInclude>
    <ClInclude Include="dependencies\Eigen\src\Core\GeneralProduct.h">
      <Filter>Header Files\dependencies</Filter>
    </ClInclude>
    <ClInclude Include="dependencies\Eigen\src\Core\GenericPacketMath.h">
      <Filter>Header Files\dependencies</Filter>
    </ClInclude>
    <ClInclude Include="dependencies\Eigen\src\Core\GlobalFunctions.h">
      <Filter>Header Files\dependencies</Filter>
    </ClInclude>
    <ClInclude Include="dependencies\Eigen\src\Core\IndexedView.h">
      <Filter>Header Files\dependencies</Filter>
    </ClInclude>
    <ClInclude Include="dependencies\Eigen\src\Core\Inverse.h">
      <Filter>Header Files\dependencies</Filter>
    </ClInclude>
    <ClInclude Include="dependencies\Eigen\src\Core\IO.h">
      <Filter>Header Files\dependencies</Filter>
    </ClInclude>
    <ClInclude Include="dependencies\Eigen\src\Core\Map.h">
      <Filter>Header Files\dependencies</Filter>
    </ClInclude>
    <ClInclude Include="dependencies\Eigen\src\Core\MapBase.h">
      <Filter>Header Files\dependencies</Filter>
    </ClInclude>
    <ClInclude Include="dependencies\Eigen\src\Core\MathFunctions.h">
      <Filter>Header Files\dependencies</Filter>
    </ClInclude>
    <ClInclude Include="dependencies\Eigen\src\Core\MathFunctionsImpl.h">
      <Filter>Header Files\dependencies</Filter>
    </ClInclude>
    <ClInclude Include="dependencies\Eigen\src\Core\Matrix.h">
      <Filter>Header Files\dependencies</Filter>
    </ClInclude>
    <ClInclude Include="dependencies\Eigen\src\Core\MatrixBase.h">
      <Filter>Header Files\dependencies</Filter>
    </ClInclude>
    <ClInclude Include="dependencies\Eigen\src\Core\NestByValue.h">
      <Filter>Header Files\dependencies</Filter>
    </ClInclude>
    <ClInclude Include="dependencies\Eigen\src\Core\NoAlias.h">
      <Filter>Header Files\dependencies</Filter>
    </ClInclude>
    <ClInclude Include="dependencies\Eigen\src\Core\NumTraits.h">
      <Filter>Header Files\dependencies</Filter>
    </ClInclude>
    <ClInclude Include="dependencies\Eigen\src\Core\PartialReduxEvaluator.h">
      <Filter>Header Files\dependencies</Filter>
    </ClInclude>
    <ClInclude Include="dependencies\Eigen\src\Core\PermutationMatrix.h">
      <Filter>Header Files\dependencies</Filter>
    </ClInclude>
    <ClInclude Include="dependencies\Eigen\src\Core\PlainObjectBase.h">
      <Filter>Header Files\dependencies</Filter>
    </ClInclude>
    <ClInclude Include="dependencies\Eigen\src\Core\Product.h">
      <Filter>Header Files\dependencies</Filter>
    </ClInclude>
    <ClInclude Include="dependencies\Eigen\src\Core\ProductEvaluators.h">
      <Filter>Header Files\dependencies</Filter>
    </ClInclude>
    <ClInclude Include="dependencies\Eigen\src\Core\products\GeneralBlockPanelKernel.h">
      <Filter>Header Files\dependencies</Filter>
    </ClInclude>
    <ClInclude Include="dependencies\Eigen\src\Core\products\GeneralMatrixMatrix.h">
      <Filter>Header Files\dependencies</Filter>
    </ClInclude>
    <ClInclude Include="dependencies\Eigen\src\Core\products\GeneralMatrixMatrixTriangular.h">
      <Filter>Header Files\dependencies</Filter>
    </ClInclude>
    <ClInclude Include="dependencies\Eigen\src\Core\products\GeneralMatrixMatrixTriangular_BLAS.h">
      <Filter>Header Files\dependencies</Filter>
    </ClInclude>
    <ClInclude Include="dependencies\Eigen\src\Core\products\GeneralMatrixMatrix_BLAS.h">
      <Filter>Header Files\dependencies</Filter>
    </ClInclude>
    <ClInclude Include="dependencies\Eigen\src\Core\products\GeneralMatrixVector.h">
      <Filter>Header Files\dependencies</Filter>
    </ClInclude>
    <ClInclude Include="dependencies\Eigen\src\Core\products\GeneralMatrixVector_BLAS.h">
      <Filter>Header Files\dependencies</Filter>
    </ClInclude>
    <ClInclude Include="dependencies\Eigen\src\Core\products\Parallelizer.h">
      <Filter>Header Files\dependencies</Filter>
    </ClInclude>
    <ClInclude Include="dependencies\Eigen\src\Core\products\SelfadjointMatrixMatrix.h">
      <Filter>Header Files\dependencies</Filter>
    </ClInclude>
    <ClInclude Include="dependencies\Eigen\src\Core\products\SelfadjointMatrixMatrix_BLAS.h">
      <Filter>Header Files\dependencies</Filter>
    </ClInclude>
    <ClInclude Include="dependencies\Eigen\src\Core\products\SelfadjointMatrixVector.h">
      <Filter>Header Files\dependencies</Filter>
    </ClInclude>
    <ClInclude Include="dependencies\Eigen\src\Core\products\SelfadjointMatrixVector_BLAS.h">
      <Filter>Header Files\dependencies</Filter>
    </ClInclude>
    <ClInclude Include="dependencies\Eigen\src\Core\products\SelfadjointProduct.h">
      <Filter>Header Files\dependencies</Filter>
    </ClInclude>
    <ClInclude Include="dependencies\Eigen\src\Core\products\SelfadjointRank2Update.h">
      <Filter>Header Files\dependencies</Filter>
    </ClInclude>
    <ClInclude Include="dependencies\Eigen\src\Core\products\TriangularMatrixMatrix.h">
      <Filter>Header Files\dependencies</Filter>
    </ClInclude>
    <ClInclude Include="dependencies\Eigen\src\Core\products\TriangularMatrixMatrix_BLAS.h">
      <Filter>Header Files\dependencies</Filter>
    </ClInclude>
    <ClInclude Include="dependencies\Eigen\src\Core\products\TriangularMatrixVector.h">
      <Filter>Header Files\dependencies</Filter>
    </ClInclude>
    <ClInclude Include="dependencies\Eigen\src\Core\products\TriangularMatrixVector_BLAS.h">
      <Filter>Header Files\dependencies</Filter>
    </ClInclude>
    <ClInclude Include="dependencies\Eigen\src\Core\products\TriangularSolverMatrix.h">
      <Filter>Header Files\dependencies</Filter>
    </ClInclude>
    <ClInclude Include="dependencies\Eigen\src\Core\products\TriangularSolverMatrix_BLAS.h">
      <Filter>Header Files\dependencies</Filter>
    </ClInclude>
    <ClInclude Include="dependencies\Eigen\src\Core\products\TriangularSolverVector.h">
      <Filter>Header Files\dependencies</Filter>
    </ClInclude>
    <ClInclude Include="dependencies\Eigen\src\Core\Random.h">
      <Filter>Header Files\dependencies</Filter>
    </ClInclude>
    <ClInclude Include="dependencies\Eigen\src\Core\Redux.h">
      <Filter>Header Files\dependencies</Filter>
    </ClInclude>
    <ClInclude Include="dependencies\Eigen\src\Core\Ref.h">
      <Filter>Header Files\dependencies</Filter>
    </ClInclude>
    <ClInclude Include="dependencies\Eigen\src\Core\Replicate.h">
      <Filter>Header Files\dependencies</Filter>
    </ClInclude>
    <ClInclude Include="dependencies\Eigen\src\Core\Reshaped.h">
      <Filter>Header Files\dependencies</Filter>
    </ClInclude>
    <ClInclude Include="dependencies\Eigen\src\Core\ReturnByValue.h">
      <Filter>Header Files\dependencies</Filter>
    </ClInclude>
    <ClInclude Include="dependencies\Eigen\src\Core\Reverse.h">
      <Filter>Header Files\dependencies</Filter>
    </ClInclude>
    <ClInclude Include="dependencies\Eigen\src\Core\Select.h">
      <Filter>Header Files\dependencies</Filter>
    </ClInclude>
    <ClInclude Include="dependencies\Eigen\src\Core\SelfAdjointView.h">
      <Filter>Header Files\dependencies</Filter>
    </ClInclude>
    <ClInclude Include="dependencies\Eigen\src\Core\SelfCwiseBinaryOp.h">
      <Filter>Header Files\dependencies</Filter>
    </ClInclude>
    <ClInclude Include="dependencies\Eigen\src\Core\Solve.h">
      <Filter>Header Files\dependencies</Filter>
    </ClInclude>
    <ClInclude Include="dependencies\Eigen\src\Core\SolverBase.h">
      <Filter>Header Files\dependencies</Filter>
    </ClInclude>
    <ClInclude Include="dependencies\Eigen\src\Core\SolveTriangular.h">
      <Filter>Header Files\dependencies</Filter>
    </ClInclude>
    <ClInclude Include="dependencies\Eigen\src\Core\StableNorm.h">
      <Filter>Header Files\dependencies</Filter>
    </ClInclude>
    <ClInclude Include="dependencies\Eigen\src\Core\StlIterators.h">
      <Filter>Header Files\dependencies</Filter>
    </ClInclude>
    <ClInclude Include="dependencies\Eigen\src\Core\Stride.h">
      <Filter>Header Files\dependencies</Filter>
    </ClInclude>
    <ClInclude Include="dependencies\Eigen\src\Core\Swap.h">
      <Filter>Header Files\dependencies</Filter>
    </ClInclude>
    <ClInclude Include="dependencies\Eigen\src\Core\Transpose.h">
      <Filter>Header Files\dependencies</Filter>
    </ClInclude>
    <ClInclude Include="dependencies\Eigen\src\Core\Transpositions.h">
      <Filter>Header Files\dependencies</Filter>
    </ClInclude>
    <ClInclude Include="dependencies\Eigen\src\Core\TriangularMatrix.h">
      <Filter>Header Files\dependencies</Filter>
    </ClInclude>
    <ClInclude Include="dependencies\Eigen\src\Core\util\BlasUtil.h">
      <Filter>Header Files\dependencies</Filter>
    </ClInclude>
    <ClInclude Include="dependencies\Eigen\src\Core\util\ConfigureVectorization.h">
      <Filter>Header Files\dependencies</Filter>
    </ClInclude>
    <ClInclude Include="dependencies\Eigen\src\Core\util\Constants.h">
      <Filter>Header Files\dependencies</Filter>
    </ClInclude>
    <ClInclude Include="dependencies\Eigen\src\Core\util\DisableStupidWarnings.h">
      <Filter>Header Files\dependencies</Filter>
    </ClInclude>
    <ClInclude Include="dependencies\Eigen\src\Core\util\ForwardDeclarations.h">
      <Filter>Header Files\dependencies</Filter>
    </ClInclude>
    <ClInclude Include="dependencies\Eigen\src\Core\util\IndexedViewHelper.h">
      <Filter>Header Files\dependencies</Filter>
    </ClInclude>
    <ClInclude Include="dependencies\Eigen\src\Core\util\IntegralConstant.h">
      <Filter>Header Files\dependencies</Filter>
    </ClInclude>
    <ClInclude Include="dependencies\Eigen\src\Core\util\Macros.h">
      <Filter>Header Files\dependencies</Filter>
    </ClInclude>
    <ClInclude Include="dependencies\Eigen\src\Core\util\Memory.h">
      <Filter>Header Files\dependencies</Filter>
    </ClInclude>
    <ClInclude Include="dependencies\Eigen\src\Core\util\Meta.h">
      <Filter>Header Files\dependencies</Filter>
    </ClInclude>
    <ClInclude Include="dependencies\Eigen\src\Core\util\MKL_support.h">
      <Filter>Header Files\dependencies</Filter>
    </ClInclude>
    <ClInclude Include="dependencies\Eigen\src\Core\util\NonMPL2.h">
      <Filter>Header Files\dependencies</Filter>
    </ClInclude>
    <ClInclude Include="dependencies\Eigen\src\Core\util\ReenableStupidWarnings.h">
      <Filter>Header Files\dependencies</Filter>
    </ClInclude>
    <ClInclude Include="dependencies\Eigen\src\Core\util\ReshapedHelper.h">
      <Filter>Header Files\dependencies</Filter>
    </ClInclude>
    <ClInclude Include="dependencies\Eigen\src\Core\util\StaticAssert.h">
      <Filter>Header Files\dependencies</Filter>
    </ClInclude>
    <ClInclude Include="dependencies\Eigen\src\Core\util\SymbolicIndex.h">
      <Filter>Header Files\dependencies</Filter>
    </ClInclude>
    <ClInclude Include="dependencies\Eigen\src\Core\util\XprHelper.h">
      <Filter>Header Files\dependencies</Filter>
    </ClInclude>
    <ClInclude Include="dependencies\Eigen\src\Core\VectorBlock.h">
      <Filter>Header Files\dependencies</Filter>
    </ClInclude>
    <ClInclude Include="dependencies\Eigen\src\Core\VectorwiseOp.h">
      <Filter>Header Files\dependencies</Filter>
    </ClInclude>
    <ClInclude Include="dependencies\Eigen\src\Core\Visitor.h">
      <Filter>Header Files\dependencies</Filter>
    </ClInclude>
    <ClInclude Include="dependencies\Eigen\src\Eigenvalues\ComplexEigenSolver.h">
      <Filter>Header Files\dependencies</Filter>
    </ClInclude>
    <ClInclude Include="dependencies\Eigen\src\Eigenvalues\ComplexSchur.h">
      <Filter>Header Files\dependencies</Filter>
    </ClInclude>
    <ClInclude Include="dependencies\Eigen\src\Eigenvalues\ComplexSchur_LAPACKE.h">
      <Filter>Header Files\dependencies</Filter>
    </ClInclude>
    <ClInclude Include="dependencies\Eigen\src\Eigenvalues\EigenSolver.h">
      <Filter>Header Files\dependencies</Filter>
    </ClInclude>
    <ClInclude Include="dependencies\Eigen\src\Eigenvalues\GeneralizedEigenSolver.h">
      <Filter>Header Files\dependencies</Filter>
    </ClInclude>
    <ClInclude Include="dependencies\Eigen\src\Eigenvalues\GeneralizedSelfAdjointEigenSolver.h">
      <Filter>Header Files\dependencies</Filter>
    </ClInclude>
    <ClInclude Include="dependencies\Eigen\src\Eigenvalues\HessenbergDecomposition.h">
      <Filter>Header Files\dependencies</Filter>
    </ClInclude>
    <ClInclude Include="dependencies\Eigen\src\Eigenvalues\MatrixBaseEigenvalues.h">
      <Filter>Header Files\dependencies</Filter>
    </ClInclude>
    <ClInclude Include="dependencies\Eigen\src\Eigenvalues\RealQZ.h">
      <Filter>Header Files\dependencies</Filter>
    </ClInclude>
    <ClInclude Include="dependencies\Eigen\src\Eigenvalues\RealSchur.h">
      <Filter>Header Files\dependencies</Filter>
    </ClInclude>
    <ClInclude Include="dependencies\Eigen\src\Eigenvalues\RealSchur_LAPACKE.h">
      <Filter>Header Files\dependencies</Filter>
    </ClInclude>
    <ClInclude Include="dependencies\Eigen\src\Eigenvalues\SelfAdjointEigenSolver.h">
      <Filter>Header Files\dependencies</Filter>
    </ClInclude>
    <ClInclude Include="dependencies\Eigen\src\Eigenvalues\SelfAdjointEigenSolver_LAPACKE.h">
      <Filter>Header Files\dependencies</Filter>
    </ClInclude>
    <ClInclude Include="dependencies\Eigen\src\Eigenvalues\Tridiagonalization.h">
      <Filter>Header Files\dependencies</Filter>
    </ClInclude>
    <ClInclude Include="dependencies\Eigen\src\Geometry\AlignedBox.h">
      <Filter>Header Files\dependencies</Filter>
    </ClInclude>
    <ClInclude Include="dependencies\Eigen\src\Geometry\AngleAxis.h">
      <Filter>Header Files\dependencies</Filter>
    </ClInclude>
    <ClInclude Include="dependencies\Eigen\src\Geometry\arch\Geometry_SIMD.h">
      <Filter>Header Files\dependencies</Filter>
    </ClInclude>
    <ClInclude Include="dependencies\Eigen\src\Geometry\EulerAngles.h">
      <Filter>Header Files\dependencies</Filter>
    </ClInclude>
    <ClInclude Include="dependencies\Eigen\src\Geometry\Homogeneous.h">
      <Filter>Header Files\dependencies</Filter>
    </ClInclude>
    <ClInclude Include="dependencies\Eigen\src\Geometry\Hyperplane.h">
      <Filter>Header Files\dependencies</Filter>
    </ClInclude>
    <ClInclude Include="dependencies\Eigen\src\Geometry\OrthoMethods.h">
      <Filter>Header Files\dependencies</Filter>
    </ClInclude>
    <ClInclude Include="dependencies\Eigen\src\Geometry\ParametrizedLine.h">
      <Filter>Header Files\dependencies</Filter>
    </ClInclude>
    <ClInclude Include="dependencies\Eigen\src\Geometry\Quaternion.h">
      <Filter>Header Files\dependencies</Filter>
    </ClInclude>
    <ClInclude Include="dependencies\Eigen\src\Geometry\Rotation2D.h">
      <Filter>Header Files\dependencies</Filter>
    </ClInclude>
    <ClInclude Include="dependencies\Eigen\src\Geometry\RotationBase.h">
      <Filter>Header Files\dependencies</Filter>
    </ClInclude>
    <ClInclude Include="dependencies\Eigen\src\Geometry\Scaling.h">
      <Filter>Header Files\dependencies</Filter>
    </ClInclude>
    <ClInclude Include="dependencies\Eigen\src\Geometry\Transform.h">
      <Filter>Header Files\dependencies</Filter>
    </ClInclude>
    <ClInclude Include="dependencies\Eigen\src\Geometry\Translation.h">
      <Filter>Header Files\dependencies</Filter>
    </ClInclude>
    <ClInclude Include="dependencies\Eigen\src\Geometry\Umeyama.h">
      <Filter>Header Files\dependencies</Filter>
    </ClInclude>
    <ClInclude Include="dependencies\Eigen\src\Householder\BlockHouseholder.h">
      <Filter>Header Files\dependencies</Filter>
    </ClInclude>
    <ClInclude Include="dependencies\Eigen\src\Householder\Householder.h">
      <Filter>Header Files\dependencies</Filter>
    </ClInclude>
    <ClInclude Include="dependencies\Eigen\src\Householder\HouseholderSequence.h">
      <Filter>Header Files\dependencies</Filter>
    </ClInclude>
    <ClInclude Include="dependencies\Eigen\src\IterativeLinearSolvers\BasicPreconditioners.h">
      <Filter>Header Files\dependencies</Filter>
    </ClInclude>
    <ClInclude Include="dependencies\Eigen\src\IterativeLinearSolvers\BiCGSTAB.h">
      <Filter>Header Files\dependencies</Filter>
    </ClInclude>
    <ClInclude Include="dependencies\Eigen\src\IterativeLinearSolvers\ConjugateGradient.h">
      <Filter>Header Files\dependencies</Filter>
    </ClInclude>
    <ClInclude Include="dependencies\Eigen\src\IterativeLinearSolvers\IncompleteCholesky.h">
      <Filter>Header Files\dependencies</Filter>
    </ClInclude>
    <ClInclude Include="dependencies\Eigen\src\IterativeLinearSolvers\IncompleteLUT.h">
      <Filter>Header Files\dependencies</Filter>
    </ClInclude>
    <ClInclude Include="dependencies\Eigen\src\IterativeLinearSolvers\IterativeSolverBase.h">
      <Filter>Header Files\dependencies</Filter>
    </ClInclude>
    <ClInclude Include="dependencies\Eigen\src\IterativeLinearSolvers\LeastSquareConjugateGradient.h">
      <Filter>Header Files\dependencies</Filter>
    </ClInclude>
    <ClInclude Include="dependencies\Eigen\src\IterativeLinearSolvers\SolveWithGuess.h">
      <Filter>Header Files\dependencies</Filter>
    </ClInclude>
    <ClInclude Include="dependencies\Eigen\src\Jacobi\Jacobi.h">
      <Filter>Header Files\dependencies</Filter>
    </ClInclude>
    <ClInclude Include="dependencies\Eigen\src\KLUSupport\KLUSupport.h">
      <Filter>Header Files\dependencies</Filter>
    </ClInclude>
    <ClInclude Include="dependencies\Eigen\src\LU\arch\InverseSize4.h">
      <Filter>Header Files\dependencies</Filter>
    </ClInclude>
    <ClInclude Include="dependencies\Eigen\src\LU\Determinant.h">
      <Filter>Header Files\dependencies</Filter>
    </ClInclude>
    <ClInclude Include="dependencies\Eigen\src\LU\FullPivLU.h">
      <Filter>Header Files\dependencies</Filter>
    </ClInclude>
    <ClInclude Include="dependencies\Eigen\src\LU\InverseImpl.h">
      <Filter>Header Files\dependencies</Filter>
    </ClInclude>
    <ClInclude Include="dependencies\Eigen\src\LU\PartialPivLU.h">
      <Filter>Header Files\dependencies</Filter>
    </ClInclude>
    <ClInclude Include="dependencies\Eigen\src\LU\PartialPivLU_LAPACKE.h">
      <Filter>Header Files\dependencies</Filter>
    </ClInclude>
    <ClInclude Include="dependencies\Eigen\src\MetisSupport\MetisSupport.h">
      <Filter>Header Files\dependencies</Filter>
    </ClInclude>
    <ClInclude Include="dependencies\Eigen\src\misc\blas.h">
      <Filter>Header Files\dependencies</Filter>
    </ClInclude>
    <ClInclude Include="dependencies\Eigen\src\misc\Image.h">
      <Filter>Header Files\dependencies</Filter>
    </ClInclude>
    <ClInclude Include="dependencies\Eigen\src\misc\Kernel.h">
      <Filter>Header Files\dependencies</Filter>
    </ClInclude>
    <ClInclude Include="dependencies\Eigen\src\misc\lapack.h">
      <Filter>Header Files\dependencies</Filter>
    </ClInclude>
    <ClInclude Include="dependencies\Eigen\src\misc\lapacke.h">
      <Filter>Header Files\dependencies</Filter>
    </ClInclude>
    <ClInclude Include="dependencies\Eigen\src\misc\lapacke_mangling.h">
      <Filter>Header Files\dependencies</Filter>
    </ClInclude>
    <ClInclude Include="dependencies\Eigen\src\misc\RealSvd2x2.h">
      <Filter>Header Files\dependencies</Filter>
    </ClInclude>
    <ClInclude Include="dependencies\Eigen\src\OrderingMethods\Amd.h">
      <Filter>Header Files\dependencies</Filter>
    </ClInclude>
    <ClInclude Include="dependencies\Eigen\src\OrderingMethods\Eigen_Colamd.h">
      <Filter>Header Files\dependencies</Filter>
    </ClInclude>
    <ClInclude Include="dependencies\Eigen\src\OrderingMethods\Ordering.h">
      <Filter>Header Files\dependencies</Filter>
    </ClInclude>
    <ClInclude Include="dependencies\Eigen\src\PardisoSupport\PardisoSupport.h">
      <Filter>Header Files\dependencies</Filter>
    </ClInclude>
    <ClInclude Include="dependencies\Eigen\src\PaStiXSupport\PaStiXSupport.h">
      <Filter>Header Files\dependencies</Filter>
    </ClInclude>
    <ClInclude Include="dependencies\Eigen\src\plugins\ArrayCwiseBinaryOps.h">
      <Filter>Header Files\dependencies</Filter>
    </ClInclude>
    <ClInclude Include="dependencies\Eigen\src\plugins\ArrayCwiseUnaryOps.h">
      <Filter>Header Files\dependencies</Filter>
    </ClInclude>
    <ClInclude Include="dependencies\Eigen\src\plugins\BlockMethods.h">
      <Filter>Header Files\dependencies</Filter>
    </ClInclude>
    <ClInclude Include="dependencies\Eigen\src\plugins\CommonCwiseBinaryOps.h">
      <Filter>Header Files\dependencies</Filter>
    </ClInclude>
    <ClInclude Include="dependencies\Eigen\src\plugins\CommonCwiseUnaryOps.h">
      <Filter>Header Files\dependencies</Filter>
    </ClInclude>
    <ClInclude Include="dependencies\Eigen\src\plugins\IndexedViewMethods.h">
      <Filter>Header Files\dependencies</Filter>
    </ClInclude>
    <ClInclude Include="dependencies\Eigen\src\plugins\MatrixCwiseBinaryOps.h">
      <Filter>Header Files\dependencies</Filter>
    </ClInclude>
    <ClInclude Include="dependencies\Eigen\src\plugins\MatrixCwiseUnaryOps.h">
      <Filter>Header Files\dependencies</Filter>
    </ClInclude>
    <ClInclude Include="dependencies\Eigen\src\plugins\ReshapedMethods.h">
      <Filter>Header Files\dependencies</Filter>
    </ClInclude>
    <ClInclude Include="dependencies\Eigen\src\QR\ColPivHouseholderQR.h">
      <Filter>Header Files\dependencies</Filter>
    </ClInclude>
    <ClInclude Include="dependencies\Eigen\src\QR\ColPivHouseholderQR_LAPACKE.h">
      <Filter>Header Files\dependencies</Filter>
    </ClInclude>
    <ClInclude Include="dependencies\Eigen\src\QR\CompleteOrthogonalDecomposition.h">
      <Filter>Header Files\dependencies</Filter>
    </ClInclude>
    <ClInclude Include="dependencies\Eigen\src\QR\FullPivHouseholderQR.h">
      <Filter>Header Files\dependencies</Filter>
    </ClInclude>
    <ClInclude Include="dependencies\Eigen\src\QR\HouseholderQR.h">
      <Filter>Header Files\dependencies</Filter>
    </ClInclude>
    <ClInclude Include="dependencies\Eigen\src\QR\HouseholderQR_LAPACKE.h">
      <Filter>Header Files\dependencies</Filter>
    </ClInclude>
    <ClInclude Include="dependencies\Eigen\src\SparseCholesky\SimplicialCholesky.h">
      <Filter>Header Files\dependencies</Filter>
    </ClInclude>
    <ClInclude Include="dependencies\Eigen\src\SparseCholesky\SimplicialCholesky_impl.h">
      <Filter>Header Files\dependencies</Filter>
    </ClInclude>
    <ClInclude Include="dependencies\Eigen\src\SparseCore\AmbiVector.h">
      <Filter>Header Files\dependencies</Filter>
    </ClInclude>
    <ClInclude Include="dependencies\Eigen\src\SparseCore\CompressedStorage.h">
      <Filter>Header Files\dependencies</Filter>
    </ClInclude>
    <ClInclude Include="dependencies\Eigen\src\SparseCore\ConservativeSparseSparseProduct.h">
      <Filter>Header Files\dependencies</Filter>
    </ClInclude>
    <ClInclude Include="dependencies\Eigen\src\SparseCore\MappedSparseMatrix.h">
      <Filter>Header Files\dependencies</Filter>
    </ClInclude>
    <ClInclude Include="dependencies\Eigen\src\SparseCore\SparseAssign.h">
      <Filter>Header Files\dependencies</Filter>
    </ClInclude>
    <ClInclude Include="dependencies\Eigen\src\SparseCore\SparseBlock.h">
      <Filter>Header Files\dependencies</Filter>
    </ClInclude>
    <ClInclude Include="dependencies\Eigen\src\SparseCore\SparseColEtree.h">
      <Filter>Header Files\dependencies</Filter>
    </ClInclude>
    <ClInclude Include="dependencies\Eigen\src\SparseCore\SparseCompressedBase.h">
      <Filter>Header Files\dependencies</Filter>
    </ClInclude>
    <ClInclude Include="dependencies\Eigen\src\SparseCore\SparseCwiseBinaryOp.h">
      <Filter>Header Files\dependencies</Filter>
    </ClInclude>
    <ClInclude Include="dependencies\Eigen\src\SparseCore\SparseCwiseUnaryOp.h">
      <Filter>Header Files\dependencies</Filter>
    </ClInclude>
    <ClInclude Include="dependencies\Eigen\src\SparseCore\SparseDenseProduct.h">
      <Filter>Header Files\dependencies</Filter>
    </ClInclude>
    <ClInclude Include="dependencies\Eigen\src\SparseCore\SparseDiagonalProduct.h">
      <Filter>Header Files\dependencies</Filter>
    </ClInclude>
    <ClInclude Include="dependencies\Eigen\src\SparseCore\SparseDot.h">
      <Filter>Header Files\dependencies</Filter>
    </ClInclude>
    <ClInclude Include="dependencies\Eigen\src\SparseCore\SparseFuzzy.h">
      <Filter>Header Files\dependencies</Filter>
    </ClInclude>
    <ClInclude Include="dependencies\Eigen\src\SparseCore\SparseMap.h">
      <Filter>Header Files\dependencies</Filter>
    </ClInclude>
    <ClInclude Include="dependencies\Eigen\src\SparseCore\SparseMatrix.h">
      <Filter>Header Files\dependencies</Filter>
    </ClInclude>
    <ClInclude Include="dependencies\Eigen\src\SparseCore\SparseMatrixBase.h">
      <Filter>Header Files\dependencies</Filter>
    </ClInclude>
    <ClInclude Include="dependencies\Eigen\src\SparseCore\SparsePermutation.h">
      <Filter>Header Files\dependencies</Filter>
    </ClInclude>
    <ClInclude Include="dependencies\Eigen\src\SparseCore\SparseProduct.h">
      <Filter>Header Files\dependencies</Filter>
    </ClInclude>
    <ClInclude Include="dependencies\Eigen\src\SparseCore\SparseRedux.h">
      <Filter>Header Files\dependencies</Filter>
    </ClInclude>
    <ClInclude Include="dependencies\Eigen\src\SparseCore\SparseRef.h">
      <Filter>Header Files\dependencies</Filter>
    </ClInclude>
    <ClInclude Include="dependencies\Eigen\src\SparseCore\SparseSelfAdjointView.h">
      <Filter>Header Files\dependencies</Filter>
    </ClInclude>
    <ClInclude Include="dependencies\Eigen\src\SparseCore\SparseSolverBase.h">
      <Filter>Header Files\dependencies</Filter>
    </ClInclude>
    <ClInclude Include="dependencies\Eigen\src\SparseCore\SparseSparseProductWithPruning.h">
      <Filter>Header Files\dependencies</Filter>
    </ClInclude>
    <ClInclude Include="dependencies\Eigen\src\SparseCore\SparseTranspose.h">
      <Filter>Header Files\dependencies</Filter>
    </ClInclude>
    <ClInclude Include="dependencies\Eigen\src\SparseCore\SparseTriangularView.h">
      <Filter>Header Files\dependencies</Filter>
    </ClInclude>
    <ClInclude Include="dependencies\Eigen\src\SparseCore\SparseUtil.h">
      <Filter>Header Files\dependencies</Filter>
    </ClInclude>
    <ClInclude Include="dependencies\Eigen\src\SparseCore\SparseVector.h">
      <Filter>Header Files\dependencies</Filter>
    </ClInclude>
    <ClInclude Include="dependencies\Eigen\src\SparseCore\SparseView.h">
      <Filter>Header Files\dependencies</Filter>
    </ClInclude>
    <ClInclude Include="dependencies\Eigen\src\SparseCore\TriangularSolver.h">
      <Filter>Header Files\dependencies</Filter>
    </ClInclude>
    <ClInclude Include="dependencies\Eigen\src\SparseLU\SparseLU.h">
      <Filter>Header Files\dependencies</Filter>
    </ClInclude>
    <ClInclude Include="dependencies\Eigen\src\SparseLU\SparseLUImpl.h">
      <Filter>Header Files\dependencies</Filter>
    </ClInclude>
    <ClInclude Include="dependencies\Eigen\src\SparseLU\SparseLU_column_bmod.h">
      <Filter>Header Files\dependencies</Filter>
    </ClInclude>
    <ClInclude Include="dependencies\Eigen\src\SparseLU\SparseLU_column_dfs.h">
      <Filter>Header Files\dependencies</Filter>
    </ClInclude>
    <ClInclude Include="dependencies\Eigen\src\SparseLU\SparseLU_copy_to_ucol.h">
      <Filter>Header Files\dependencies</Filter>
    </ClInclude>
    <ClInclude Include="dependencies\Eigen\src\SparseLU\SparseLU_gemm_kernel.h">
      <Filter>Header Files\dependencies</Filter>
    </ClInclude>
    <ClInclude Include="dependencies\Eigen\src\SparseLU\SparseLU_heap_relax_snode.h">
      <Filter>Header Files\dependencies</Filter>
    </ClInclude>
    <ClInclude Include="dependencies\Eigen\src\SparseLU\SparseLU_kernel_bmod.h">
      <Filter>Header Files\dependencies</Filter>
    </ClInclude>
    <ClInclude Include="dependencies\Eigen\src\SparseLU\SparseLU_Memory.h">
      <Filter>Header Files\dependencies</Filter>
    </ClInclude>
    <ClInclude Include="dependencies\Eigen\src\SparseLU\SparseLU_panel_bmod.h">
      <Filter>Header Files\dependencies</Filter>
    </ClInclude>
    <ClInclude Include="dependencies\Eigen\src\SparseLU\SparseLU_panel_dfs.h">
      <Filter>Header Files\dependencies</Filter>
    </ClInclude>
    <ClInclude Include="dependencies\Eigen\src\SparseLU\SparseLU_pivotL.h">
      <Filter>Header Files\dependencies</Filter>
    </ClInclude>
    <ClInclude Include="dependencies\Eigen\src\SparseLU\SparseLU_pruneL.h">
      <Filter>Header Files\dependencies</Filter>
    </ClInclude>
    <ClInclude Include="dependencies\Eigen\src\SparseLU\SparseLU_relax_snode.h">
      <Filter>Header Files\dependencies</Filter>
    </ClInclude>
    <ClInclude Include="dependencies\Eigen\src\SparseLU\SparseLU_Structs.h">
      <Filter>Header Files\dependencies</Filter>
    </ClInclude>
    <ClInclude Include="dependencies\Eigen\src\SparseLU\SparseLU_SupernodalMatrix.h">
      <Filter>Header Files\dependencies</Filter>
    </ClInclude>
    <ClInclude Include="dependencies\Eigen\src\SparseLU\SparseLU_Utils.h">
      <Filter>Header Files\dependencies</Filter>
    </ClInclude>
    <ClInclude Include="dependencies\Eigen\src\SparseQR\SparseQR.h">
      <Filter>Header Files\dependencies</Filter>
    </ClInclude>
    <ClInclude Include="dependencies\Eigen\src\SPQRSupport\SuiteSparseQRSupport.h">
      <Filter>Header Files\dependencies</Filter>
    </ClInclude>
    <ClInclude Include="dependencies\Eigen\src\StlSupport\details.h">
      <Filter>Header Files\dependencies</Filter>
    </ClInclude>
    <ClInclude Include="dependencies\Eigen\src\StlSupport\StdDeque.h">
      <Filter>Header Files\dependencies</Filter>
    </ClInclude>
    <ClInclude Include="dependencies\Eigen\src\StlSupport\StdList.h">
      <Filter>Header Files\dependencies</Filter>
    </ClInclude>
    <ClInclude Include="dependencies\Eigen\src\StlSupport\StdVector.h">
      <Filter>Header Files\dependencies</Filter>
    </ClInclude>
    <ClInclude Include="dependencies\Eigen\src\SuperLUSupport\SuperLUSupport.h">
      <Filter>Header Files\dependencies</Filter>
    </ClInclude>
    <ClInclude Include="dependencies\Eigen\src\SVD\BDCSVD.h">
      <Filter>Header Files\dependencies</Filter>
    </ClInclude>
    <ClInclude Include="dependencies\Eigen\src\SVD\JacobiSVD.h">
      <Filter>Header Files\dependencies</Filter>
    </ClInclude>
    <ClInclude Include="dependencies\Eigen\src\SVD\JacobiSVD_LAPACKE.h">
      <Filter>Header Files\dependencies</Filter>
    </ClInclude>
    <ClInclude Include="dependencies\Eigen\src\SVD\SVDBase.h">
      <Filter>Header Files\dependencies</Filter>
    </ClInclude>
    <ClInclude Include="dependencies\Eigen\src\SVD\UpperBidiagonalization.h">
      <Filter>Header Files\dependencies</Filter>
    </ClInclude>
    <ClInclude Include="dependencies\Eigen\src\UmfPackSupport\UmfPackSupport.h">
      <Filter>Header Files\dependencies</Filter>
    </ClInclude>
    <ClInclude Include="dependencies\fdeep\base64.hpp">
      <Filter>Header Files\dependencies</Filter>
    </ClInclude>
    <ClInclude Include="dependencies\fdeep\common.hpp">
      <Filter>Header Files\dependencies</Filter>
    </ClInclude>
    <ClInclude Include="dependencies\fdeep\convolution.hpp">
      <Filter>Header Files\dependencies</Filter>
    </ClInclude>
    <ClInclude Include="dependencies\fdeep\convolution3d.hpp">
      <Filter>Header Files\dependencies</Filter>
    </ClInclude>
    <ClInclude Include="dependencies\fdeep\depthwise_convolution.hpp">
      <Filter>Header Files\dependencies</Filter>
    </ClInclude>
    <ClInclude Include="dependencies\fdeep\fdeep.hpp">
      <Filter>Header Files\dependencies</Filter>
    </ClInclude>
    <ClInclude Include="dependencies\fdeep\filter.hpp">
      <Filter>Header Files\dependencies</Filter>
    </ClInclude>
    <ClInclude Include="dependencies\fdeep\import_model.hpp">
      <Filter>Header Files\dependencies</Filter>
    </ClInclude>
    <ClInclude Include="dependencies\fdeep\layers\activation_layer.hpp">
      <Filter>Header Files\dependencies</Filter>
    </ClInclude>
    <ClInclude Include="dependencies\fdeep\layers\additive_attention_layer.hpp">
      <Filter>Header Files\dependencies</Filter>
    </ClInclude>
    <ClInclude Include="dependencies\fdeep\layers\add_layer.hpp">
      <Filter>Header Files\dependencies</Filter>
    </ClInclude>
    <ClInclude Include="dependencies\fdeep\layers\attention_layer.hpp">
      <Filter>Header Files\dependencies</Filter>
    </ClInclude>
    <ClInclude Include="dependencies\fdeep\layers\average_layer.hpp">
      <Filter>Header Files\dependencies</Filter>
    </ClInclude>
    <ClInclude Include="dependencies\fdeep\layers\average_pooling_3d_layer.hpp">
      <Filter>Header Files\dependencies</Filter>
    </ClInclude>
    <ClInclude Include="dependencies\fdeep\layers\batch_normalization_layer.hpp">
      <Filter>Header Files\dependencies</Filter>
    </ClInclude>
    <ClInclude Include="dependencies\fdeep\layers\bidirectional_layer.hpp">
      <Filter>Header Files\dependencies</Filter>
    </ClInclude>
    <ClInclude Include="dependencies\fdeep\layers\category_encoding_layer.hpp">
      <Filter>Header Files\dependencies</Filter>
    </ClInclude>
    <ClInclude Include="dependencies\fdeep\layers\centercrop_layer.hpp">
      <Filter>Header Files\dependencies</Filter>
    </ClInclude>
    <ClInclude Include="dependencies\fdeep\layers\concatenate_layer.hpp">
      <Filter>Header Files\dependencies</Filter>
    </ClInclude>
    <ClInclude Include="dependencies\fdeep\layers\conv_2d_layer.hpp">
      <Filter>Header Files\dependencies</Filter>
    </ClInclude>
    <ClInclude Include="dependencies\fdeep\layers\cropping_3d_layer.hpp">
      <Filter>Header Files\dependencies</Filter>
    </ClInclude>
    <ClInclude Include="dependencies\fdeep\layers\dense_layer.hpp">
      <Filter>Header Files\dependencies</Filter>
    </ClInclude>
    <ClInclude Include="dependencies\fdeep\layers\depthwise_conv_2d_layer.hpp">
      <Filter>Header Files\dependencies</Filter>
    </ClInclude>
    <ClInclude Include="dependencies\fdeep\layers\dot_layer.hpp">
      <Filter>Header Files\dependencies</Filter>
    </ClInclude>
    <ClInclude Include="dependencies\fdeep\layers\elu_layer.hpp">
      <Filter>Header Files\dependencies</Filter>
    </ClInclude>
    <ClInclude Include="dependencies\fdeep\layers\embedding_layer.hpp">
      <Filter>Header Files\dependencies</Filter>
    </ClInclude>
    <ClInclude Include="dependencies\fdeep\layers\exponential_layer.hpp">
      <Filter>Header Files\dependencies</Filter>
    </ClInclude>
    <ClInclude Include="dependencies\fdeep\layers\flatten_layer.hpp">
      <Filter>Header Files\dependencies</Filter>
    </ClInclude>
    <ClInclude Include="dependencies\fdeep\layers\gelu_layer.hpp">
      <Filter>Header Files\dependencies</Filter>
    </ClInclude>
    <ClInclude Include="dependencies\fdeep\layers\global_average_pooling_3d_layer.hpp">
      <Filter>Header Files\dependencies</Filter>
    </ClInclude>
    <ClInclude Include="dependencies\fdeep\layers\global_max_pooling_3d_layer.hpp">
      <Filter>Header Files\dependencies</Filter>
    </ClInclude>
    <ClInclude Include="dependencies\fdeep\layers\global_pooling_layer.hpp">
      <Filter>Header Files\dependencies</Filter>
    </ClInclude>
    <ClInclude Include="dependencies\fdeep\layers\gru_layer.hpp">
      <Filter>Header Files\dependencies</Filter>
    </ClInclude>
    <ClInclude Include="dependencies\fdeep\layers\hard_sigmoid_layer.hpp">
      <Filter>Header Files\dependencies</Filter>
    </ClInclude>
    <ClInclude Include="dependencies\fdeep\layers\input_layer.hpp">
      <Filter>Header Files\dependencies</Filter>
    </ClInclude>
    <ClInclude Include="dependencies\fdeep\layers\layer.hpp">
      <Filter>Header Files\dependencies</Filter>
    </ClInclude>
    <ClInclude Include="dependencies\fdeep\layers\leaky_relu_layer.hpp">
      <Filter>Header Files\dependencies</Filter>
    </ClInclude>
    <ClInclude Include="dependencies\fdeep\layers\linear_layer.hpp">
      <Filter>Header Files\dependencies</Filter>
    </ClInclude>
    <ClInclude Include="dependencies\fdeep\layers\lstm_layer.hpp">
      <Filter>Header Files\dependencies</Filter>
    </ClInclude>
    <ClInclude Include="dependencies\fdeep\layers\maximum_layer.hpp">
      <Filter>Header Files\dependencies</Filter>
    </ClInclude>
    <ClInclude Include="dependencies\fdeep\layers\max_pooling_3d_layer.hpp">
      <Filter>Header Files\dependencies</Filter>
    </ClInclude>
    <ClInclude Include="dependencies\fdeep\layers\minimum_layer.hpp">
      <Filter>Header Files\dependencies</Filter>
    </ClInclude>
    <ClInclude Include="dependencies\fdeep\layers\model_layer.hpp">
      <Filter>Header Files\dependencies</Filter>
    </ClInclude>
    <ClInclude Include="dependencies\fdeep\layers\multiply_layer.hpp">
      <Filter>Header Files\dependencies</Filter>
    </ClInclude>
    <ClInclude Include="dependencies\fdeep\layers\normalization_layer.hpp">
      <Filter>Header Files\dependencies</Filter>
    </ClInclude>
    <ClInclude Include="dependencies\fdeep\layers\permute_layer.hpp">
      <Filter>Header Files\dependencies</Filter>
    </ClInclude>
    <ClInclude Include="dependencies\fdeep\layers\pooling_3d_layer.hpp">
      <Filter>Header Files\dependencies</Filter>
    </ClInclude>
    <ClInclude Include="dependencies\fdeep\layers\prelu_layer.hpp">
      <Filter>Header Files\dependencies</Filter>
    </ClInclude>
    <ClInclude Include="dependencies\fdeep\layers\relu_layer.hpp">
      <Filter>Header Files\dependencies</Filter>
    </ClInclude>
    <ClInclude Include="dependencies\fdeep\layers\repeat_vector_layer.hpp">
      <Filter>Header Files\dependencies</Filter>
    </ClInclude>
    <ClInclude Include="dependencies\fdeep\layers\rescaling_layer.hpp">
      <Filter>Header Files\dependencies</Filter>
    </ClInclude>
    <ClInclude Include="dependencies\fdeep\layers\reshape_layer.hpp">
      <Filter>Header Files\dependencies</Filter>
    </ClInclude>
    <ClInclude Include="dependencies\fdeep\layers\resizing_layer.hpp">
      <Filter>Header Files\dependencies</Filter>
    </ClInclude>
    <ClInclude Include="dependencies\fdeep\layers\selu_layer.hpp">
      <Filter>Header Files\dependencies</Filter>
    </ClInclude>
    <ClInclude Include="dependencies\fdeep\layers\separable_conv_2d_layer.hpp">
      <Filter>Header Files\dependencies</Filter>
    </ClInclude>
    <ClInclude Include="dependencies\fdeep\layers\sigmoid_layer.hpp">
      <Filter>Header Files\dependencies</Filter>
    </ClInclude>
    <ClInclude Include="dependencies\fdeep\layers\softmax_layer.hpp">
      <Filter>Header Files\dependencies</Filter>
    </ClInclude>
    <ClInclude Include="dependencies\fdeep\layers\softplus_layer.hpp">
      <Filter>Header Files\dependencies</Filter>
    </ClInclude>
    <ClInclude Include="dependencies\fdeep\layers\softsign_layer.hpp">
      <Filter>Header Files\dependencies</Filter>
    </ClInclude>
    <ClInclude Include="dependencies\fdeep\layers\subtract_layer.hpp">
      <Filter>Header Files\dependencies</Filter>
    </ClInclude>
    <ClInclude Include="dependencies\fdeep\layers\swish_layer.hpp">
      <Filter>Header Files\dependencies</Filter>
    </ClInclude>
    <ClInclude Include="dependencies\fdeep\layers\tanh_layer.hpp">
      <Filter>Header Files\dependencies</Filter>
    </ClInclude>
    <ClInclude Include="dependencies\fdeep\layers\time_distributed_layer.hpp">
      <Filter>Header Files\dependencies</Filter>
    </ClInclude>
    <ClInclude Include="dependencies\fdeep\layers\upsampling_1d_layer.hpp">
      <Filter>Header Files\dependencies</Filter>
    </ClInclude>
    <ClInclude Include="dependencies\fdeep\layers\upsampling_2d_layer.hpp">
      <Filter>Header Files\dependencies</Filter>
    </ClInclude>
    <ClInclude Include="dependencies\fdeep\layers\zero_padding_3d_layer.hpp">
      <Filter>Header Files\dependencies</Filter>
    </ClInclude>
    <ClInclude Include="dependencies\fdeep\model.hpp">
      <Filter>Header Files\dependencies</Filter>
    </ClInclude>
    <ClInclude Include="dependencies\fdeep\node.hpp">
      <Filter>Header Files\dependencies</Filter>
    </ClInclude>
    <ClInclude Include="dependencies\fdeep\recurrent_ops.hpp">
      <Filter>Header Files\dependencies</Filter>
    </ClInclude>
    <ClInclude Include="dependencies\fdeep\shape2.hpp">
      <Filter>Header Files\dependencies</Filter>
    </ClInclude>
    <ClInclude Include="dependencies\fdeep\shape3.hpp">
      <Filter>Header Files\dependencies</Filter>
    </ClInclude>
    <ClInclude Include="dependencies\fdeep\tensor.hpp">
      <Filter>Header Files\dependencies</Filter>
    </ClInclude>
    <ClInclude Include="dependencies\fdeep\tensor_pos.hpp">
      <Filter>Header Files\dependencies</Filter>
    </ClInclude>
    <ClInclude Include="dependencies\fdeep\tensor_shape.hpp">
      <Filter>Header Files\dependencies</Filter>
    </ClInclude>
    <ClInclude Include="dependencies\fdeep\tensor_shape_variable.hpp">
      <Filter>Header Files\dependencies</Filter>
    </ClInclude>
    <ClInclude Include="dependencies\fplus\fplus.hpp">
      <Filter>Header Files\dependencies</Filter>
    </ClInclude>
    <ClInclude Include="dependencies\nlohmann\json.hpp">
      <Filter>Header Files\dependencies</Filter>
    </ClInclude>
    <ClInclude Include="dependencies\nlohmann\json_fwd.hpp">
      <Filter>Header Files\dependencies</Filter>
    </ClInclude>
    <ClInclude Include="utilities\slextracesvrdefines.h">
      <Filter>Header Files\utilities</Filter>
    </ClInclude>
  </ItemGroup>
  <ItemGroup>
    <ResourceCompile Include="slextracesvr.rc">
      <Filter>Resource Files</Filter>
    </ResourceCompile>
  </ItemGroup>
  <ItemGroup>
    <None Include="slextracesvrdialog.pro">
      <Filter>Resource Files</Filter>
    </None>
    <None Include="cpp.hint" />
  </ItemGroup>
  <ItemGroup>
    <CustomBuild Include="slextracesvrform.h">
      <Filter>Header Files</Filter>
    </CustomBuild>
    <CustomBuild Include="sample.xml">
      <Filter>Resource Files</Filter>
    </CustomBuild>
    <CustomBuild Include="slextracesvrdialog.xml">
      <Filter>Resource Files</Filter>
    </CustomBuild>
    <CustomBuild Include="systemconfiguration.ini">
      <Filter>Resource Files</Filter>
    </CustomBuild>
    <CustomBuild Include="assets_utilities\Assets_Handler.h">
      <Filter>Header Files\assets_utilities</Filter>
    </CustomBuild>
    <CustomBuild Include="assets_utilities\Json_Handler.h">
      <Filter>Header Files\assets_utilities</Filter>
    </CustomBuild>
    <CustomBuild Include="models\Asset.h">
      <Filter>Header Files\models</Filter>
    </CustomBuild>
    <CustomBuild Include="models\Configs.h">
      <Filter>Header Files\models</Filter>
    </CustomBuild>
    <CustomBuild Include="models\Model.h">
      <Filter>Header Files\models</Filter>
    </CustomBuild>
    <CustomBuild Include="control_unit_utilities\Control_Unit_handler.h">
      <Filter>Header Files\control_unit_utilities</Filter>
    </CustomBuild>
    <CustomBuild Include="AI_Service.h">
      <Filter>Header Files</Filter>
    </CustomBuild>
    <CustomBuild Include="assets_utilities\Fdeep_handler.h">
      <Filter>Header Files\assets_utilities</Filter>
    </CustomBuild>
    <CustomBuild Include="utilities\log.h">
      <Filter>Header Files\utilities</Filter>
    </CustomBuild>
  </ItemGroup>
</Project>